
Microsoft Visual Studio Solution File, Format Version 12.00
# Visual Studio Version 16
VisualStudioVersion = 16.0.31424.327
MinimumVisualStudioVersion = 10.0.40219.1
Project("{8BC9CEB8-8B4A-11D0-8D11-00A0C91BC942}") = "lc152", "lc152.vcxproj", "{DDD8F710-7EF4-4DB8-9DE3-DD42E87F02E5}"
EndProject
Global
	GlobalSection(SolutionConfigurationPlatforms) = preSolution
		Debug|x64 = Debug|x64
		Debug|x86 = Debug|x86
		Release|x64 = Release|x64
		Release|x86 = Release|x86
	EndGlobalSection
	GlobalSection(ProjectConfigurationPlatforms) = postSolution
		{DDD8F710-7EF4-4DB8-9DE3-DD42E87F02E5}.Debug|x64.ActiveCfg = Debug|x64
		{DDD8F710-7EF4-4DB8-9DE3-DD42E87F02E5}.Debug|x64.Build.0 = Debug|x64
		{DDD8F710-7EF4-4DB8-9DE3-DD42E87F02E5}.Debug|x86.ActiveCfg = Debug|Win32
		{DDD8F710-7EF4-4DB8-9DE3-DD42E87F02E5}.Debug|x86.Build.0 = Debug|Win32
		{DDD8F710-7EF4-4DB8-9DE3-DD42E87F02E5}.Release|x64.ActiveCfg = Release|x64
		{DDD8F710-7EF4-4DB8-9DE3-DD42E87F02E5}.Release|x64.Build.0 = Release|x64
		{DDD8F710-7EF4-4DB8-9DE3-DD42E87F02E5}.Release|x86.ActiveCfg = Release|Win32
		{DDD8F710-7EF4-4DB8-9DE3-DD42E87F02E5}.Release|x86.Build.0 = Release|Win32
	EndGlobalSection
	GlobalSection(SolutionProperties) = preSolution
		HideSolutionNode = FALSE
	EndGlobalSection
	GlobalSection(ExtensibilityGlobals) = postSolution
		SolutionGuid = {2340B307-3AD2-4D20-BE36-71EA945D00DB}
	EndGlobalSection
EndGlobal
