
Microsoft Visual Studio Solution File, Format Version 12.00
# Visual Studio Version 16
VisualStudioVersion = 16.0.31313.79
MinimumVisualStudioVersion = 10.0.40219.1
Project("{8BC9CEB8-8B4A-11D0-8D11-00A0C91BC942}") = "奇数位", "奇数位.vcxproj", "{47BAFE01-61C7-4A88-B87B-68EA2188EA63}"
EndProject
Global
	GlobalSection(SolutionConfigurationPlatforms) = preSolution
		Debug|x64 = Debug|x64
		Debug|x86 = Debug|x86
		Release|x64 = Release|x64
		Release|x86 = Release|x86
	EndGlobalSection
	GlobalSection(ProjectConfigurationPlatforms) = postSolution
		{47BAFE01-61C7-4A88-B87B-68EA2188EA63}.Debug|x64.ActiveCfg = Debug|x64
		{47BAFE01-61C7-4A88-B87B-68EA2188EA63}.Debug|x64.Build.0 = Debug|x64
		{47BAFE01-61C7-4A88-B87B-68EA2188EA63}.Debug|x86.ActiveCfg = Debug|Win32
		{47BAFE01-61C7-4A88-B87B-68EA2188EA63}.Debug|x86.Build.0 = Debug|Win32
		{47BAFE01-61C7-4A88-B87B-68EA2188EA63}.Release|x64.ActiveCfg = Release|x64
		{47BAFE01-61C7-4A88-B87B-68EA2188EA63}.Release|x64.Build.0 = Release|x64
		{47BAFE01-61C7-4A88-B87B-68EA2188EA63}.Release|x86.ActiveCfg = Release|Win32
		{47BAFE01-61C7-4A88-B87B-68EA2188EA63}.Release|x86.Build.0 = Release|Win32
	EndGlobalSection
	GlobalSection(SolutionProperties) = preSolution
		HideSolutionNode = FALSE
	EndGlobalSection
	GlobalSection(ExtensibilityGlobals) = postSolution
		SolutionGuid = {E47704C8-69FC-4294-A26C-12CB071746E5}
	EndGlobalSection
EndGlobal
