
Microsoft Visual Studio Solution File, Format Version 12.00
# Visual Studio Version 16
VisualStudioVersion = 16.0.31321.278
MinimumVisualStudioVersion = 10.0.40219.1
Project("{8BC9CEB8-8B4A-11D0-8D11-00A0C91BC942}") = "字符串合集", "字符串合集.vcxproj", "{4204DC5C-6CF7-49D4-B94B-D53AACDB2C3F}"
EndProject
Global
	GlobalSection(SolutionConfigurationPlatforms) = preSolution
		Debug|x64 = Debug|x64
		Debug|x86 = Debug|x86
		Release|x64 = Release|x64
		Release|x86 = Release|x86
	EndGlobalSection
	GlobalSection(ProjectConfigurationPlatforms) = postSolution
		{4204DC5C-6CF7-49D4-B94B-D53AACDB2C3F}.Debug|x64.ActiveCfg = Debug|x64
		{4204DC5C-6CF7-49D4-B94B-D53AACDB2C3F}.Debug|x64.Build.0 = Debug|x64
		{4204DC5C-6CF7-49D4-B94B-D53AACDB2C3F}.Debug|x86.ActiveCfg = Debug|Win32
		{4204DC5C-6CF7-49D4-B94B-D53AACDB2C3F}.Debug|x86.Build.0 = Debug|Win32
		{4204DC5C-6CF7-49D4-B94B-D53AACDB2C3F}.Release|x64.ActiveCfg = Release|x64
		{4204DC5C-6CF7-49D4-B94B-D53AACDB2C3F}.Release|x64.Build.0 = Release|x64
		{4204DC5C-6CF7-49D4-B94B-D53AACDB2C3F}.Release|x86.ActiveCfg = Release|Win32
		{4204DC5C-6CF7-49D4-B94B-D53AACDB2C3F}.Release|x86.Build.0 = Release|Win32
	EndGlobalSection
	GlobalSection(SolutionProperties) = preSolution
		HideSolutionNode = FALSE
	EndGlobalSection
	GlobalSection(ExtensibilityGlobals) = postSolution
		SolutionGuid = {FE814B24-26AB-4870-9BFD-CF2BA83B6EA7}
	EndGlobalSection
EndGlobal
