
Microsoft Visual Studio Solution File, Format Version 12.00
# Visual Studio Version 16
VisualStudioVersion = 16.0.31321.278
MinimumVisualStudioVersion = 10.0.40219.1
Project("{8BC9CEB8-8B4A-11D0-8D11-00A0C91BC942}") = "BAK", "BAK.vcxproj", "{1B6F851D-DA36-430B-9F87-C74F680941D1}"
EndProject
Global
	GlobalSection(SolutionConfigurationPlatforms) = preSolution
		Debug|x64 = Debug|x64
		Debug|x86 = Debug|x86
		Release|x64 = Release|x64
		Release|x86 = Release|x86
	EndGlobalSection
	GlobalSection(ProjectConfigurationPlatforms) = postSolution
		{1B6F851D-DA36-430B-9F87-C74F680941D1}.Debug|x64.ActiveCfg = Debug|x64
		{1B6F851D-DA36-430B-9F87-C74F680941D1}.Debug|x64.Build.0 = Debug|x64
		{1B6F851D-DA36-430B-9F87-C74F680941D1}.Debug|x86.ActiveCfg = Debug|Win32
		{1B6F851D-DA36-430B-9F87-C74F680941D1}.Debug|x86.Build.0 = Debug|Win32
		{1B6F851D-DA36-430B-9F87-C74F680941D1}.Release|x64.ActiveCfg = Release|x64
		{1B6F851D-DA36-430B-9F87-C74F680941D1}.Release|x64.Build.0 = Release|x64
		{1B6F851D-DA36-430B-9F87-C74F680941D1}.Release|x86.ActiveCfg = Release|Win32
		{1B6F851D-DA36-430B-9F87-C74F680941D1}.Release|x86.Build.0 = Release|Win32
	EndGlobalSection
	GlobalSection(SolutionProperties) = preSolution
		HideSolutionNode = FALSE
	EndGlobalSection
	GlobalSection(ExtensibilityGlobals) = postSolution
		SolutionGuid = {0E5EBB04-9949-4FF1-BFFF-5FBB7E0E6E4F}
	EndGlobalSection
EndGlobal
