
Microsoft Visual Studio Solution File, Format Version 12.00
# Visual Studio Version 16
VisualStudioVersion = 16.0.31424.327
MinimumVisualStudioVersion = 10.0.40219.1
Project("{8BC9CEB8-8B4A-11D0-8D11-00A0C91BC942}") = "fib跳台阶", "fib跳台阶.vcxproj", "{1BC18CD9-B808-4E1F-9B15-B47DF6F9D2FF}"
EndProject
Global
	GlobalSection(SolutionConfigurationPlatforms) = preSolution
		Debug|x64 = Debug|x64
		Debug|x86 = Debug|x86
		Release|x64 = Release|x64
		Release|x86 = Release|x86
	EndGlobalSection
	GlobalSection(ProjectConfigurationPlatforms) = postSolution
		{1BC18CD9-B808-4E1F-9B15-B47DF6F9D2FF}.Debug|x64.ActiveCfg = Debug|x64
		{1BC18CD9-B808-4E1F-9B15-B47DF6F9D2FF}.Debug|x64.Build.0 = Debug|x64
		{1BC18CD9-B808-4E1F-9B15-B47DF6F9D2FF}.Debug|x86.ActiveCfg = Debug|Win32
		{1BC18CD9-B808-4E1F-9B15-B47DF6F9D2FF}.Debug|x86.Build.0 = Debug|Win32
		{1BC18CD9-B808-4E1F-9B15-B47DF6F9D2FF}.Release|x64.ActiveCfg = Release|x64
		{1BC18CD9-B808-4E1F-9B15-B47DF6F9D2FF}.Release|x64.Build.0 = Release|x64
		{1BC18CD9-B808-4E1F-9B15-B47DF6F9D2FF}.Release|x86.ActiveCfg = Release|Win32
		{1BC18CD9-B808-4E1F-9B15-B47DF6F9D2FF}.Release|x86.Build.0 = Release|Win32
	EndGlobalSection
	GlobalSection(SolutionProperties) = preSolution
		HideSolutionNode = FALSE
	EndGlobalSection
	GlobalSection(ExtensibilityGlobals) = postSolution
		SolutionGuid = {08A42A2E-A211-4DFE-9444-3A3952CEC243}
	EndGlobalSection
EndGlobal
