
Microsoft Visual Studio Solution File, Format Version 12.00
# Visual Studio Version 16
VisualStudioVersion = 16.0.31313.79
MinimumVisualStudioVersion = 10.0.40219.1
Project("{8BC9CEB8-8B4A-11D0-8D11-00A0C91BC942}") = "N层树的层序遍历", "N层树的层序遍历.vcxproj", "{5B7B29B7-FF50-4902-B938-E6A99D06288E}"
EndProject
Global
	GlobalSection(SolutionConfigurationPlatforms) = preSolution
		Debug|x64 = Debug|x64
		Debug|x86 = Debug|x86
		Release|x64 = Release|x64
		Release|x86 = Release|x86
	EndGlobalSection
	GlobalSection(ProjectConfigurationPlatforms) = postSolution
		{5B7B29B7-FF50-4902-B938-E6A99D06288E}.Debug|x64.ActiveCfg = Debug|x64
		{5B7B29B7-FF50-4902-B938-E6A99D06288E}.Debug|x64.Build.0 = Debug|x64
		{5B7B29B7-FF50-4902-B938-E6A99D06288E}.Debug|x86.ActiveCfg = Debug|Win32
		{5B7B29B7-FF50-4902-B938-E6A99D06288E}.Debug|x86.Build.0 = Debug|Win32
		{5B7B29B7-FF50-4902-B938-E6A99D06288E}.Release|x64.ActiveCfg = Release|x64
		{5B7B29B7-FF50-4902-B938-E6A99D06288E}.Release|x64.Build.0 = Release|x64
		{5B7B29B7-FF50-4902-B938-E6A99D06288E}.Release|x86.ActiveCfg = Release|Win32
		{5B7B29B7-FF50-4902-B938-E6A99D06288E}.Release|x86.Build.0 = Release|Win32
	EndGlobalSection
	GlobalSection(SolutionProperties) = preSolution
		HideSolutionNode = FALSE
	EndGlobalSection
	GlobalSection(ExtensibilityGlobals) = postSolution
		SolutionGuid = {E9E85CE3-C6A3-499F-87B3-58F430EA93A6}
	EndGlobalSection
EndGlobal
