
Microsoft Visual Studio Solution File, Format Version 12.00
# Visual Studio Version 16
VisualStudioVersion = 16.0.31321.278
MinimumVisualStudioVersion = 10.0.40219.1
Project("{8BC9CEB8-8B4A-11D0-8D11-00A0C91BC942}") = "offer21", "offer21.vcxproj", "{420F0673-9489-4126-B07F-2E7CA0117ACB}"
EndProject
Global
	GlobalSection(SolutionConfigurationPlatforms) = preSolution
		Debug|x64 = Debug|x64
		Debug|x86 = Debug|x86
		Release|x64 = Release|x64
		Release|x86 = Release|x86
	EndGlobalSection
	GlobalSection(ProjectConfigurationPlatforms) = postSolution
		{420F0673-9489-4126-B07F-2E7CA0117ACB}.Debug|x64.ActiveCfg = Debug|x64
		{420F0673-9489-4126-B07F-2E7CA0117ACB}.Debug|x64.Build.0 = Debug|x64
		{420F0673-9489-4126-B07F-2E7CA0117ACB}.Debug|x86.ActiveCfg = Debug|Win32
		{420F0673-9489-4126-B07F-2E7CA0117ACB}.Debug|x86.Build.0 = Debug|Win32
		{420F0673-9489-4126-B07F-2E7CA0117ACB}.Release|x64.ActiveCfg = Release|x64
		{420F0673-9489-4126-B07F-2E7CA0117ACB}.Release|x64.Build.0 = Release|x64
		{420F0673-9489-4126-B07F-2E7CA0117ACB}.Release|x86.ActiveCfg = Release|Win32
		{420F0673-9489-4126-B07F-2E7CA0117ACB}.Release|x86.Build.0 = Release|Win32
	EndGlobalSection
	GlobalSection(SolutionProperties) = preSolution
		HideSolutionNode = FALSE
	EndGlobalSection
	GlobalSection(ExtensibilityGlobals) = postSolution
		SolutionGuid = {34023132-4A0D-4439-B603-02EEF4E99AB5}
	EndGlobalSection
EndGlobal
