
Microsoft Visual Studio Solution File, Format Version 12.00
# Visual Studio Version 16
VisualStudioVersion = 16.0.31424.327
MinimumVisualStudioVersion = 10.0.40219.1
Project("{8BC9CEB8-8B4A-11D0-8D11-00A0C91BC942}") = "lc134加油站", "lc134加油站.vcxproj", "{BF534D60-3BF2-4327-86BB-5C7A9216B6AF}"
EndProject
Global
	GlobalSection(SolutionConfigurationPlatforms) = preSolution
		Debug|x64 = Debug|x64
		Debug|x86 = Debug|x86
		Release|x64 = Release|x64
		Release|x86 = Release|x86
	EndGlobalSection
	GlobalSection(ProjectConfigurationPlatforms) = postSolution
		{BF534D60-3BF2-4327-86BB-5C7A9216B6AF}.Debug|x64.ActiveCfg = Debug|x64
		{BF534D60-3BF2-4327-86BB-5C7A9216B6AF}.Debug|x64.Build.0 = Debug|x64
		{BF534D60-3BF2-4327-86BB-5C7A9216B6AF}.Debug|x86.ActiveCfg = Debug|Win32
		{BF534D60-3BF2-4327-86BB-5C7A9216B6AF}.Debug|x86.Build.0 = Debug|Win32
		{BF534D60-3BF2-4327-86BB-5C7A9216B6AF}.Release|x64.ActiveCfg = Release|x64
		{BF534D60-3BF2-4327-86BB-5C7A9216B6AF}.Release|x64.Build.0 = Release|x64
		{BF534D60-3BF2-4327-86BB-5C7A9216B6AF}.Release|x86.ActiveCfg = Release|Win32
		{BF534D60-3BF2-4327-86BB-5C7A9216B6AF}.Release|x86.Build.0 = Release|Win32
	EndGlobalSection
	GlobalSection(SolutionProperties) = preSolution
		HideSolutionNode = FALSE
	EndGlobalSection
	GlobalSection(ExtensibilityGlobals) = postSolution
		SolutionGuid = {05B725F7-737C-44BA-ABD7-E9833CF04EFF}
	EndGlobalSection
EndGlobal
