
Microsoft Visual Studio Solution File, Format Version 12.00
# Visual Studio Version 16
VisualStudioVersion = 16.0.31321.278
MinimumVisualStudioVersion = 10.0.40219.1
Project("{8BC9CEB8-8B4A-11D0-8D11-00A0C91BC942}") = "lc100", "lc100.vcxproj", "{36AF2E92-0CB6-4A63-9BDE-E0D1AF57B685}"
EndProject
Global
	GlobalSection(SolutionConfigurationPlatforms) = preSolution
		Debug|x64 = Debug|x64
		Debug|x86 = Debug|x86
		Release|x64 = Release|x64
		Release|x86 = Release|x86
	EndGlobalSection
	GlobalSection(ProjectConfigurationPlatforms) = postSolution
		{36AF2E92-0CB6-4A63-9BDE-E0D1AF57B685}.Debug|x64.ActiveCfg = Debug|x64
		{36AF2E92-0CB6-4A63-9BDE-E0D1AF57B685}.Debug|x64.Build.0 = Debug|x64
		{36AF2E92-0CB6-4A63-9BDE-E0D1AF57B685}.Debug|x86.ActiveCfg = Debug|Win32
		{36AF2E92-0CB6-4A63-9BDE-E0D1AF57B685}.Debug|x86.Build.0 = Debug|Win32
		{36AF2E92-0CB6-4A63-9BDE-E0D1AF57B685}.Release|x64.ActiveCfg = Release|x64
		{36AF2E92-0CB6-4A63-9BDE-E0D1AF57B685}.Release|x64.Build.0 = Release|x64
		{36AF2E92-0CB6-4A63-9BDE-E0D1AF57B685}.Release|x86.ActiveCfg = Release|Win32
		{36AF2E92-0CB6-4A63-9BDE-E0D1AF57B685}.Release|x86.Build.0 = Release|Win32
	EndGlobalSection
	GlobalSection(SolutionProperties) = preSolution
		HideSolutionNode = FALSE
	EndGlobalSection
	GlobalSection(ExtensibilityGlobals) = postSolution
		SolutionGuid = {189E4DE3-FFED-490E-AF0C-6806C04AB0B6}
	EndGlobalSection
EndGlobal
