
Microsoft Visual Studio Solution File, Format Version 12.00
# Visual Studio Version 16
VisualStudioVersion = 16.0.31313.79
MinimumVisualStudioVersion = 10.0.40219.1
Project("{8BC9CEB8-8B4A-11D0-8D11-00A0C91BC942}") = "树根", "树根.vcxproj", "{040714D1-C086-46FE-A6D3-8847990AB31E}"
EndProject
Global
	GlobalSection(SolutionConfigurationPlatforms) = preSolution
		Debug|x64 = Debug|x64
		Debug|x86 = Debug|x86
		Release|x64 = Release|x64
		Release|x86 = Release|x86
	EndGlobalSection
	GlobalSection(ProjectConfigurationPlatforms) = postSolution
		{040714D1-C086-46FE-A6D3-8847990AB31E}.Debug|x64.ActiveCfg = Debug|x64
		{040714D1-C086-46FE-A6D3-8847990AB31E}.Debug|x64.Build.0 = Debug|x64
		{040714D1-C086-46FE-A6D3-8847990AB31E}.Debug|x86.ActiveCfg = Debug|Win32
		{040714D1-C086-46FE-A6D3-8847990AB31E}.Debug|x86.Build.0 = Debug|Win32
		{040714D1-C086-46FE-A6D3-8847990AB31E}.Release|x64.ActiveCfg = Release|x64
		{040714D1-C086-46FE-A6D3-8847990AB31E}.Release|x64.Build.0 = Release|x64
		{040714D1-C086-46FE-A6D3-8847990AB31E}.Release|x86.ActiveCfg = Release|Win32
		{040714D1-C086-46FE-A6D3-8847990AB31E}.Release|x86.Build.0 = Release|Win32
	EndGlobalSection
	GlobalSection(SolutionProperties) = preSolution
		HideSolutionNode = FALSE
	EndGlobalSection
	GlobalSection(ExtensibilityGlobals) = postSolution
		SolutionGuid = {88D2A0AC-7E0B-4D42-AC8D-D49B00129A67}
	EndGlobalSection
EndGlobal
