
Microsoft Visual Studio Solution File, Format Version 12.00
# Visual Studio Version 16
VisualStudioVersion = 16.0.31313.79
MinimumVisualStudioVersion = 10.0.40219.1
Project("{8BC9CEB8-8B4A-11D0-8D11-00A0C91BC942}") = "dp", "dp.vcxproj", "{3228D2E5-CDA1-45C5-916C-EED7EE60A963}"
EndProject
Global
	GlobalSection(SolutionConfigurationPlatforms) = preSolution
		Debug|x64 = Debug|x64
		Debug|x86 = Debug|x86
		Release|x64 = Release|x64
		Release|x86 = Release|x86
	EndGlobalSection
	GlobalSection(ProjectConfigurationPlatforms) = postSolution
		{3228D2E5-CDA1-45C5-916C-EED7EE60A963}.Debug|x64.ActiveCfg = Debug|x64
		{3228D2E5-CDA1-45C5-916C-EED7EE60A963}.Debug|x64.Build.0 = Debug|x64
		{3228D2E5-CDA1-45C5-916C-EED7EE60A963}.Debug|x86.ActiveCfg = Debug|Win32
		{3228D2E5-CDA1-45C5-916C-EED7EE60A963}.Debug|x86.Build.0 = Debug|Win32
		{3228D2E5-CDA1-45C5-916C-EED7EE60A963}.Release|x64.ActiveCfg = Release|x64
		{3228D2E5-CDA1-45C5-916C-EED7EE60A963}.Release|x64.Build.0 = Release|x64
		{3228D2E5-CDA1-45C5-916C-EED7EE60A963}.Release|x86.ActiveCfg = Release|Win32
		{3228D2E5-CDA1-45C5-916C-EED7EE60A963}.Release|x86.Build.0 = Release|Win32
	EndGlobalSection
	GlobalSection(SolutionProperties) = preSolution
		HideSolutionNode = FALSE
	EndGlobalSection
	GlobalSection(ExtensibilityGlobals) = postSolution
		SolutionGuid = {460ECD91-5FDA-45A4-B592-CBA605DEE0C6}
	EndGlobalSection
EndGlobal
