
Microsoft Visual Studio Solution File, Format Version 12.00
# Visual Studio Version 16
VisualStudioVersion = 16.0.31424.327
MinimumVisualStudioVersion = 10.0.40219.1
Project("{8BC9CEB8-8B4A-11D0-8D11-00A0C91BC942}") = "JZ14", "JZ14.vcxproj", "{AE772CF4-433F-4661-A0A1-BBECBA498C29}"
EndProject
Global
	GlobalSection(SolutionConfigurationPlatforms) = preSolution
		Debug|x64 = Debug|x64
		Debug|x86 = Debug|x86
		Release|x64 = Release|x64
		Release|x86 = Release|x86
	EndGlobalSection
	GlobalSection(ProjectConfigurationPlatforms) = postSolution
		{AE772CF4-433F-4661-A0A1-BBECBA498C29}.Debug|x64.ActiveCfg = Debug|x64
		{AE772CF4-433F-4661-A0A1-BBECBA498C29}.Debug|x64.Build.0 = Debug|x64
		{AE772CF4-433F-4661-A0A1-BBECBA498C29}.Debug|x86.ActiveCfg = Debug|Win32
		{AE772CF4-433F-4661-A0A1-BBECBA498C29}.Debug|x86.Build.0 = Debug|Win32
		{AE772CF4-433F-4661-A0A1-BBECBA498C29}.Release|x64.ActiveCfg = Release|x64
		{AE772CF4-433F-4661-A0A1-BBECBA498C29}.Release|x64.Build.0 = Release|x64
		{AE772CF4-433F-4661-A0A1-BBECBA498C29}.Release|x86.ActiveCfg = Release|Win32
		{AE772CF4-433F-4661-A0A1-BBECBA498C29}.Release|x86.Build.0 = Release|Win32
	EndGlobalSection
	GlobalSection(SolutionProperties) = preSolution
		HideSolutionNode = FALSE
	EndGlobalSection
	GlobalSection(ExtensibilityGlobals) = postSolution
		SolutionGuid = {FCE2FFD7-54DC-4792-AA17-66025B1E7638}
	EndGlobalSection
EndGlobal
