
Microsoft Visual Studio Solution File, Format Version 12.00
# Visual Studio Version 16
VisualStudioVersion = 16.0.31424.327
MinimumVisualStudioVersion = 10.0.40219.1
Project("{8BC9CEB8-8B4A-11D0-8D11-00A0C91BC942}") = "lc37解数独", "lc37解数独.vcxproj", "{68A991D6-342A-4C8C-A1A7-B741C99AC21D}"
EndProject
Global
	GlobalSection(SolutionConfigurationPlatforms) = preSolution
		Debug|x64 = Debug|x64
		Debug|x86 = Debug|x86
		Release|x64 = Release|x64
		Release|x86 = Release|x86
	EndGlobalSection
	GlobalSection(ProjectConfigurationPlatforms) = postSolution
		{68A991D6-342A-4C8C-A1A7-B741C99AC21D}.Debug|x64.ActiveCfg = Debug|x64
		{68A991D6-342A-4C8C-A1A7-B741C99AC21D}.Debug|x64.Build.0 = Debug|x64
		{68A991D6-342A-4C8C-A1A7-B741C99AC21D}.Debug|x86.ActiveCfg = Debug|Win32
		{68A991D6-342A-4C8C-A1A7-B741C99AC21D}.Debug|x86.Build.0 = Debug|Win32
		{68A991D6-342A-4C8C-A1A7-B741C99AC21D}.Release|x64.ActiveCfg = Release|x64
		{68A991D6-342A-4C8C-A1A7-B741C99AC21D}.Release|x64.Build.0 = Release|x64
		{68A991D6-342A-4C8C-A1A7-B741C99AC21D}.Release|x86.ActiveCfg = Release|Win32
		{68A991D6-342A-4C8C-A1A7-B741C99AC21D}.Release|x86.Build.0 = Release|Win32
	EndGlobalSection
	GlobalSection(SolutionProperties) = preSolution
		HideSolutionNode = FALSE
	EndGlobalSection
	GlobalSection(ExtensibilityGlobals) = postSolution
		SolutionGuid = {B70BD8FB-DB83-467F-B0D3-8CD6762A8CA6}
	EndGlobalSection
EndGlobal
