
Microsoft Visual Studio Solution File, Format Version 12.00
# Visual Studio Version 16
VisualStudioVersion = 16.0.31424.327
MinimumVisualStudioVersion = 10.0.40219.1
Project("{8BC9CEB8-8B4A-11D0-8D11-00A0C91BC942}") = "jz2", "jz2.vcxproj", "{991830D8-2BB6-4C9D-92E1-BF2995C7B655}"
EndProject
Global
	GlobalSection(SolutionConfigurationPlatforms) = preSolution
		Debug|x64 = Debug|x64
		Debug|x86 = Debug|x86
		Release|x64 = Release|x64
		Release|x86 = Release|x86
	EndGlobalSection
	GlobalSection(ProjectConfigurationPlatforms) = postSolution
		{991830D8-2BB6-4C9D-92E1-BF2995C7B655}.Debug|x64.ActiveCfg = Debug|x64
		{991830D8-2BB6-4C9D-92E1-BF2995C7B655}.Debug|x64.Build.0 = Debug|x64
		{991830D8-2BB6-4C9D-92E1-BF2995C7B655}.Debug|x86.ActiveCfg = Debug|Win32
		{991830D8-2BB6-4C9D-92E1-BF2995C7B655}.Debug|x86.Build.0 = Debug|Win32
		{991830D8-2BB6-4C9D-92E1-BF2995C7B655}.Release|x64.ActiveCfg = Release|x64
		{991830D8-2BB6-4C9D-92E1-BF2995C7B655}.Release|x64.Build.0 = Release|x64
		{991830D8-2BB6-4C9D-92E1-BF2995C7B655}.Release|x86.ActiveCfg = Release|Win32
		{991830D8-2BB6-4C9D-92E1-BF2995C7B655}.Release|x86.Build.0 = Release|Win32
	EndGlobalSection
	GlobalSection(SolutionProperties) = preSolution
		HideSolutionNode = FALSE
	EndGlobalSection
	GlobalSection(ExtensibilityGlobals) = postSolution
		SolutionGuid = {74D8CD28-FEE5-4534-88EA-DF81249C615E}
	EndGlobalSection
EndGlobal
